{
  "name": "pomeriumsdk",
  "version": "1.0.0",
  "lockfileVersion": 2,
  "requires": true,
  "packages": {
    "": {
      "name": "pomeriumsdk",
      "version": "1.0.0",
      "license": "MIT",
      "dependencies": {
        "jose": "^4.10.4"
      },
      "devDependencies": {
        "prettier": "^2.7.1"
      }
    },
    "node_modules/jose": {
      "version": "4.10.4",
      "resolved": "https://registry.npmjs.org/jose/-/jose-4.10.4.tgz",
      "integrity": "sha512-eBH77Xs9Yc/oTDvukhAEDVMijhekPuNktXJL4tUlB22jqKP1k48v5nmsUmc8feoJPsxB3HsfEt2LbVSoz+1mng==",
      "funding": {
        "url": "https://github.com/sponsors/panva"
      }
    },
    "node_modules/prettier": {
      "version": "2.7.1",
      "resolved": "https://registry.npmjs.org/prettier/-/prettier-2.7.1.tgz",
      "integrity": "sha512-ujppO+MkdPqoVINuDFDRLClm7D78qbDt0/NR+wp5FqEZOoTNAjPHWj17QRhu7geIHJfcNhRk1XVQmF8Bp3ye+g==",
      "dev": true,
      "bin": {
        "prettier": "bin-prettier.js"
      },
      "engines": {
        "node": ">=10.13.0"
      },
      "funding": {
        "url": "https://github.com/prettier/prettier?sponsor=1"
      }
    }
  },
  "dependencies": {
    "jose": {
      "version": "4.10.4",
      "resolved": "https://registry.npmjs.org/jose/-/jose-4.10.4.tgz",
      "integrity": "sha512-eBH77Xs9Yc/oTDvukhAEDVMijhekPuNktXJL4tUlB22jqKP1k48v5nmsUmc8feoJPsxB3HsfEt2LbVSoz+1mng=="
    },
    "prettier": {
      "version": "2.7.1",
      "resolved": "https://registry.npmjs.org/prettier/-/prettier-2.7.1.tgz",
      "integrity": "sha512-ujppO+MkdPqoVINuDFDRLClm7D78qbDt0/NR+wp5FqEZOoTNAjPHWj17QRhu7geIHJfcNhRk1XVQmF8Bp3ye+g==",
      "dev": true
    }
  }
}
